
Microsoft Visual Studio Solution File, Format Version 12.00
# Visual Studio Version 17
VisualStudioVersion = 17.10.34928.147
MinimumVisualStudioVersion = 10.0.40219.1
Project("{9A19103F-16F7-4668-BE54-9A1E7A4F7556}") = "ExcelBulkInsert", "ExcelBulkInsert.csproj", "{D8F751CA-2261-4B00-99B1-867E3E43CCF6}"
EndProject
Global
	GlobalSection(SolutionConfigurationPlatforms) = preSolution
		Debug|Any CPU = Debug|Any CPU
		Release|Any CPU = Release|Any CPU
	EndGlobalSection
	GlobalSection(ProjectConfigurationPlatforms) = postSolution
		{D8F751CA-2261-4B00-99B1-867E3E43CCF6}.Debug|Any CPU.ActiveCfg = Debug|Any CPU
		{D8F751CA-2261-4B00-99B1-867E3E43CCF6}.Debug|Any CPU.Build.0 = Debug|Any CPU
		{D8F751CA-2261-4B00-99B1-867E3E43CCF6}.Release|Any CPU.ActiveCfg = Release|Any CPU
		{D8F751CA-2261-4B00-99B1-867E3E43CCF6}.Release|Any CPU.Build.0 = Release|Any CPU
	EndGlobalSection
	GlobalSection(SolutionProperties) = preSolution
		HideSolutionNode = FALSE
	EndGlobalSection
	GlobalSection(ExtensibilityGlobals) = postSolution
		SolutionGuid = {434966B3-1044-4050-BC05-FD19EF913B92}
	EndGlobalSection
EndGlobal
